Microsoft Visual Studio Solution File, Format Version 12.00
# Visual Studio Version 17
VisualStudioVersion = 17.13.35931.197
MinimumVisualStudioVersion = 10.0.40219.1
Project("{FAE04EC0-301F-11D3-BF4B-00C04F79EFBC}") = "AccountProject.Web", "AccountProject.Web\AccountProject.Web.csproj", "{F926E306-F85F-4770-8218-E2F079E7B7F1}"
EndProject
Project("{FAE04EC0-301F-11D3-BF4B-00C04F79EFBC}") = "AccountProject.DataAccessLayer", "AccountProject.DataAccessLayer\AccountProject.DataAccessLayer.csproj", "{4FD1D1E6-08A8-41CC-8438-3D8F7AF2EE2B}"
EndProject
Project("{FAE04EC0-301F-11D3-BF4B-00C04F79EFBC}") = "AccountProject.BusinessLogicLayer", "AccountProject.BusinessLogicLayer\AccountProject.BusinessLogicLayer.csproj", "{C50BE025-5260-4786-8503-B51D55632F12}"
EndProject
Global
	GlobalSection(SolutionConfigurationPlatforms) = preSolution
		Debug|Any CPU = Debug|Any CPU
		Release|Any CPU = Release|Any CPU
	EndGlobalSection
	GlobalSection(ProjectConfigurationPlatforms) = postSolution
		{F926E306-F85F-4770-8218-E2F079E7B7F1}.Debug|Any CPU.ActiveCfg = Debug|Any CPU
		{F926E306-F85F-4770-8218-E2F079E7B7F1}.Debug|Any CPU.Build.0 = Debug|Any CPU
		{F926E306-F85F-4770-8218-E2F079E7B7F1}.Release|Any CPU.ActiveCfg = Release|Any CPU
		{F926E306-F85F-4770-8218-E2F079E7B7F1}.Release|Any CPU.Build.0 = Release|Any CPU
		{4FD1D1E6-08A8-41CC-8438-3D8F7AF2EE2B}.Debug|Any CPU.ActiveCfg = Debug|Any CPU
		{4FD1D1E6-08A8-41CC-8438-3D8F7AF2EE2B}.Debug|Any CPU.Build.0 = Debug|Any CPU
		{4FD1D1E6-08A8-41CC-8438-3D8F7AF2EE2B}.Release|Any CPU.ActiveCfg = Release|Any CPU
		{4FD1D1E6-08A8-41CC-8438-3D8F7AF2EE2B}.Release|Any CPU.Build.0 = Release|Any CPU
		{C50BE025-5260-4786-8503-B51D55632F12}.Debug|Any CPU.ActiveCfg = Debug|Any CPU
		{C50BE025-5260-4786-8503-B51D55632F12}.Debug|Any CPU.Build.0 = Debug|Any CPU
		{C50BE025-5260-4786-8503-B51D55632F12}.Release|Any CPU.ActiveCfg = Release|Any CPU
		{C50BE025-5260-4786-8503-B51D55632F12}.Release|Any CPU.Build.0 = Release|Any CPU
	EndGlobalSection
	GlobalSection(SolutionProperties) = preSolution
		HideSolutionNode = FALSE
	EndGlobalSection
	GlobalSection(ExtensibilityGlobals) = postSolution
		SolutionGuid = {32404813-9963-453D-ACAD-EDD0F6CD7BF6}
	EndGlobalSection
EndGlobal
